
Microsoft Visual Studio Solution File, Format Version 12.00
# Visual Studio Version 17
VisualStudioVersion = 17.10.34928.147
MinimumVisualStudioVersion = 10.0.40219.1
Project("{2150E333-8FDC-42A3-9474-1A3956D46DE8}") = "src", "src", "{047EFF30-55CB-4790-92FC-F5C4AEB0232F}"
EndProject
Project("{2150E333-8FDC-42A3-9474-1A3956D46DE8}") = "tests", "tests", "{641070E9-53FE-46ED-AAA3-C8869988ABE3}"
EndProject
Project("{2150E333-8FDC-42A3-9474-1A3956D46DE8}") = "Core", "Core", "{E4E19C36-5AA8-45D4-9E83-B1C25ECDB3CC}"
EndProject
Project("{2150E333-8FDC-42A3-9474-1A3956D46DE8}") = "Ports", "Ports", "{C4B0614B-BB1A-43EB-9DC9-19727711870A}"
EndProject
Project("{9A19103F-16F7-4668-BE54-9A1E7A4F7556}") = "AgendaTenis.Jogadores.Core", "src\Core\AgendaTenis.Jogadores.Core\AgendaTenis.Jogadores.Core.csproj", "{C6BB0849-B8F6-4D1F-850D-B84340C69E10}"
EndProject
Project("{9A19103F-16F7-4668-BE54-9A1E7A4F7556}") = "AgendaTenis.Jogadores.WebApi", "src\Ports\AgendaTenis.Jogadores.WebApi\AgendaTenis.Jogadores.WebApi.csproj", "{23FB8AC0-5135-478D-A276-B5AE959C95A3}"
EndProject
Project("{E53339B2-1760-4266-BCC7-CA923CBCF16C}") = "docker-compose", "docker-compose.dcproj", "{2906E07F-DB0F-43CF-BBCE-E4953C7A60BB}"
EndProject
Project("{9A19103F-16F7-4668-BE54-9A1E7A4F7556}") = "AgendaTenis.Jogadores.WorkerService", "src\Ports\AgendaTenis.Jogadores.WorkerService\AgendaTenis.Jogadores.WorkerService.csproj", "{467BB529-5E33-4BC5-BD6D-C6ADF2DA5447}"
EndProject
Global
	GlobalSection(SolutionConfigurationPlatforms) = preSolution
		Debug|Any CPU = Debug|Any CPU
		Release|Any CPU = Release|Any CPU
	EndGlobalSection
	GlobalSection(ProjectConfigurationPlatforms) = postSolution
		{C6BB0849-B8F6-4D1F-850D-B84340C69E10}.Debug|Any CPU.ActiveCfg = Debug|Any CPU
		{C6BB0849-B8F6-4D1F-850D-B84340C69E10}.Debug|Any CPU.Build.0 = Debug|Any CPU
		{C6BB0849-B8F6-4D1F-850D-B84340C69E10}.Release|Any CPU.ActiveCfg = Release|Any CPU
		{C6BB0849-B8F6-4D1F-850D-B84340C69E10}.Release|Any CPU.Build.0 = Release|Any CPU
		{23FB8AC0-5135-478D-A276-B5AE959C95A3}.Debug|Any CPU.ActiveCfg = Debug|Any CPU
		{23FB8AC0-5135-478D-A276-B5AE959C95A3}.Debug|Any CPU.Build.0 = Debug|Any CPU
		{23FB8AC0-5135-478D-A276-B5AE959C95A3}.Release|Any CPU.ActiveCfg = Release|Any CPU
		{23FB8AC0-5135-478D-A276-B5AE959C95A3}.Release|Any CPU.Build.0 = Release|Any CPU
		{2906E07F-DB0F-43CF-BBCE-E4953C7A60BB}.Debug|Any CPU.ActiveCfg = Debug|Any CPU
		{2906E07F-DB0F-43CF-BBCE-E4953C7A60BB}.Debug|Any CPU.Build.0 = Debug|Any CPU
		{2906E07F-DB0F-43CF-BBCE-E4953C7A60BB}.Release|Any CPU.ActiveCfg = Release|Any CPU
		{2906E07F-DB0F-43CF-BBCE-E4953C7A60BB}.Release|Any CPU.Build.0 = Release|Any CPU
		{467BB529-5E33-4BC5-BD6D-C6ADF2DA5447}.Debug|Any CPU.ActiveCfg = Debug|Any CPU
		{467BB529-5E33-4BC5-BD6D-C6ADF2DA5447}.Debug|Any CPU.Build.0 = Debug|Any CPU
		{467BB529-5E33-4BC5-BD6D-C6ADF2DA5447}.Release|Any CPU.ActiveCfg = Release|Any CPU
		{467BB529-5E33-4BC5-BD6D-C6ADF2DA5447}.Release|Any CPU.Build.0 = Release|Any CPU
	EndGlobalSection
	GlobalSection(SolutionProperties) = preSolution
		HideSolutionNode = FALSE
	EndGlobalSection
	GlobalSection(NestedProjects) = preSolution
		{E4E19C36-5AA8-45D4-9E83-B1C25ECDB3CC} = {047EFF30-55CB-4790-92FC-F5C4AEB0232F}
		{C4B0614B-BB1A-43EB-9DC9-19727711870A} = {047EFF30-55CB-4790-92FC-F5C4AEB0232F}
		{C6BB0849-B8F6-4D1F-850D-B84340C69E10} = {E4E19C36-5AA8-45D4-9E83-B1C25ECDB3CC}
		{23FB8AC0-5135-478D-A276-B5AE959C95A3} = {C4B0614B-BB1A-43EB-9DC9-19727711870A}
		{467BB529-5E33-4BC5-BD6D-C6ADF2DA5447} = {C4B0614B-BB1A-43EB-9DC9-19727711870A}
	EndGlobalSection
	GlobalSection(ExtensibilityGlobals) = postSolution
		SolutionGuid = {C854D660-77E6-45BB-891B-8A9103516C31}
	EndGlobalSection
EndGlobal
